
Microsoft Visual Studio Solution File, Format Version 12.00
# Visual Studio Version 17
VisualStudioVersion = 17.5.33424.131
MinimumVisualStudioVersion = 10.0.40219.1
Project("{FAE04EC0-301F-11D3-BF4B-00C04F79EFBC}") = "lab10", "lab10\lab10.csproj", "{37CC4410-4363-4A86-A960-47E374AA0CBB}"
EndProject
Global
	GlobalSection(SolutionConfigurationPlatforms) = preSolution
		Debug|Any CPU = Debug|Any CPU
		Release|Any CPU = Release|Any CPU
	EndGlobalSection
	GlobalSection(ProjectConfigurationPlatforms) = postSolution
		{37CC4410-4363-4A86-A960-47E374AA0CBB}.Debug|Any CPU.ActiveCfg = Debug|Any CPU
		{37CC4410-4363-4A86-A960-47E374AA0CBB}.Debug|Any CPU.Build.0 = Debug|Any CPU
		{37CC4410-4363-4A86-A960-47E374AA0CBB}.Release|Any CPU.ActiveCfg = Release|Any CPU
		{37CC4410-4363-4A86-A960-47E374AA0CBB}.Release|Any CPU.Build.0 = Release|Any CPU
	EndGlobalSection
	GlobalSection(SolutionProperties) = preSolution
		HideSolutionNode = FALSE
	EndGlobalSection
	GlobalSection(ExtensibilityGlobals) = postSolution
		SolutionGuid = {240EA8FF-56BD-47E5-8458-20FF3DF7D91B}
	EndGlobalSection
EndGlobal
